
Microsoft Visual Studio Solution File, Format Version 12.00
# Visual Studio 2012
Project("{FAE04EC0-301F-11D3-BF4B-00C04F79EFBC}") = "NancyForIlan", "NancyForIlan\NancyForIlan.csproj", "{79713FF1-AA2E-437C-AE53-C1384CD590A3}"
EndProject
Project("{FAE04EC0-301F-11D3-BF4B-00C04F79EFBC}") = "HelloILanTest", "HelloILanTest\HelloILanTest.csproj", "{3A6E5F0E-D3D8-4A56-AA73-96802A229A77}"
EndProject
Project("{FAE04EC0-301F-11D3-BF4B-00C04F79EFBC}") = "Test2", "Test2\Test2.csproj", "{F1C5E591-A45B-49AC-A4C9-3FEC0E22AF55}"
EndProject
Global
	GlobalSection(SolutionConfigurationPlatforms) = preSolution
		Debug|Any CPU = Debug|Any CPU
		Release|Any CPU = Release|Any CPU
	EndGlobalSection
	GlobalSection(ProjectConfigurationPlatforms) = postSolution
		{79713FF1-AA2E-437C-AE53-C1384CD590A3}.Debug|Any CPU.ActiveCfg = Debug|Any CPU
		{79713FF1-AA2E-437C-AE53-C1384CD590A3}.Debug|Any CPU.Build.0 = Debug|Any CPU
		{79713FF1-AA2E-437C-AE53-C1384CD590A3}.Release|Any CPU.ActiveCfg = Release|Any CPU
		{79713FF1-AA2E-437C-AE53-C1384CD590A3}.Release|Any CPU.Build.0 = Release|Any CPU
		{3A6E5F0E-D3D8-4A56-AA73-96802A229A77}.Debug|Any CPU.ActiveCfg = Debug|Any CPU
		{3A6E5F0E-D3D8-4A56-AA73-96802A229A77}.Debug|Any CPU.Build.0 = Debug|Any CPU
		{3A6E5F0E-D3D8-4A56-AA73-96802A229A77}.Release|Any CPU.ActiveCfg = Release|Any CPU
		{3A6E5F0E-D3D8-4A56-AA73-96802A229A77}.Release|Any CPU.Build.0 = Release|Any CPU
		{F1C5E591-A45B-49AC-A4C9-3FEC0E22AF55}.Debug|Any CPU.ActiveCfg = Debug|Any CPU
		{F1C5E591-A45B-49AC-A4C9-3FEC0E22AF55}.Debug|Any CPU.Build.0 = Debug|Any CPU
		{F1C5E591-A45B-49AC-A4C9-3FEC0E22AF55}.Release|Any CPU.ActiveCfg = Release|Any CPU
		{F1C5E591-A45B-49AC-A4C9-3FEC0E22AF55}.Release|Any CPU.Build.0 = Release|Any CPU
	EndGlobalSection
	GlobalSection(SolutionProperties) = preSolution
		HideSolutionNode = FALSE
	EndGlobalSection
EndGlobal
